
Microsoft Visual Studio Solution File, Format Version 12.00
# Visual Studio Version 17
VisualStudioVersion = 17.11.35327.3
MinimumVisualStudioVersion = 10.0.40219.1
Project("{FAE04EC0-301F-11D3-BF4B-00C04F79EFBC}") = "Calculadora", "Calculadora.csproj", "{9877C74E-080B-4780-86E6-C5F1E8CF0AB7}"
EndProject
Global
	GlobalSection(SolutionConfigurationPlatforms) = preSolution
		Debug|Any CPU = Debug|Any CPU
		Release|Any CPU = Release|Any CPU
	EndGlobalSection
	GlobalSection(ProjectConfigurationPlatforms) = postSolution
		{9877C74E-080B-4780-86E6-C5F1E8CF0AB7}.Debug|Any CPU.ActiveCfg = Debug|Any CPU
		{9877C74E-080B-4780-86E6-C5F1E8CF0AB7}.Debug|Any CPU.Build.0 = Debug|Any CPU
		{9877C74E-080B-4780-86E6-C5F1E8CF0AB7}.Release|Any CPU.ActiveCfg = Release|Any CPU
		{9877C74E-080B-4780-86E6-C5F1E8CF0AB7}.Release|Any CPU.Build.0 = Release|Any CPU
	EndGlobalSection
	GlobalSection(SolutionProperties) = preSolution
		HideSolutionNode = FALSE
	EndGlobalSection
	GlobalSection(ExtensibilityGlobals) = postSolution
		SolutionGuid = {8328A24D-703F-441D-8E7E-7398C85D21D4}
	EndGlobalSection
EndGlobal
