
Microsoft Visual Studio Solution File, Format Version 12.00
# Visual Studio Version 17
VisualStudioVersion = 17.11.35327.3
MinimumVisualStudioVersion = 10.0.40219.1
Project("{FAE04EC0-301F-11D3-BF4B-00C04F79EFBC}") = "CadastrCliente", "CadastrCliente.csproj", "{CDBD9A7D-A4E0-49FE-8612-9818192C45F3}"
EndProject
Global
	GlobalSection(SolutionConfigurationPlatforms) = preSolution
		Debug|Any CPU = Debug|Any CPU
		Release|Any CPU = Release|Any CPU
	EndGlobalSection
	GlobalSection(ProjectConfigurationPlatforms) = postSolution
		{CDBD9A7D-A4E0-49FE-8612-9818192C45F3}.Debug|Any CPU.ActiveCfg = Debug|Any CPU
		{CDBD9A7D-A4E0-49FE-8612-9818192C45F3}.Debug|Any CPU.Build.0 = Debug|Any CPU
		{CDBD9A7D-A4E0-49FE-8612-9818192C45F3}.Release|Any CPU.ActiveCfg = Release|Any CPU
		{CDBD9A7D-A4E0-49FE-8612-9818192C45F3}.Release|Any CPU.Build.0 = Release|Any CPU
	EndGlobalSection
	GlobalSection(SolutionProperties) = preSolution
		HideSolutionNode = FALSE
	EndGlobalSection
	GlobalSection(ExtensibilityGlobals) = postSolution
		SolutionGuid = {D8D49569-4AEE-45F1-9716-ED0B75FB9E6D}
	EndGlobalSection
EndGlobal
